# This file is automatically @generated by Poetry 1.8.3 and should not be changed by hand.

[[package]]
name = "colorama"
version = "0.4.6"
description = "Cross-platform colored terminal text."
optional = false
python-versions = "!=3.0.*,!=3.1.*,!=3.2.*,!=3.3.*,!=3.4.*,!=3.5.*,!=3.6.*,>=2.7"
files = [
    {file = "colorama-0.4.6-py2.py3-none-any.whl", hash = "sha256:4f1d9991f5acc0ca119f9d443620b77f9d6b33703e51011c16baf57afb285fc6"},
    {file = "colorama-0.4.6.tar.gz", hash = "sha256:08695f5cb7ed6e0531a20572697297273c47b8cae5a63ffc6d6ed5c201be6e44"},
]

[[package]]
name = "iniconfig"
version = "2.0.0"
description = "brain-dead simple config-ini parsing"
optional = false
python-versions = ">=3.7"
files = [
    {file = "iniconfig-2.0.0-py3-none-any.whl", hash = "sha256:b6a85871a79d2e3b22d2d1b94ac2824226a63c6b741c88f7ae975f18b6778374"},
    {file = "iniconfig-2.0.0.tar.gz", hash = "sha256:2d91e135bf72d31a410b17c16da610a82cb55f6b0477d1a902134b24a455b8b3"},
]

[[package]]
name = "markdown-it-py"
version = "3.0.0"
description = "Python port of markdown-it. Markdown parsing, done right!"
optional = false
python-versions = ">=3.8"
files = [
    {file = "markdown-it-py-3.0.0.tar.gz", hash = "sha256:e3f60a94fa066dc52ec76661e37c851cb232d92f9886b15cb560aaada2df8feb"},
    {file = "markdown_it_py-3.0.0-py3-none-any.whl", hash = "sha256:355216845c60bd96232cd8d8c40e8f9765cc86f46880e43a8fd22dc1a1a8cab1"},
]

[package.dependencies]
mdurl = ">=0.1,<1.0"

[package.extras]
benchmarking = ["psutil", "pytest", "pytest-benchmark"]
code-style = ["pre-commit (>=3.0,<4.0)"]
compare = ["commonmark (>=0.9,<1.0)", "markdown (>=3.4,<4.0)", "mistletoe (>=1.0,<2.0)", "mistune (>=2.0,<3.0)", "panflute (>=2.3,<3.0)"]
linkify = ["linkify-it-py (>=1,<3)"]
plugins = ["mdit-py-plugins"]
profiling = ["gprof2dot"]
rtd = ["jupyter_sphinx", "mdit-py-plugins", "myst-parser", "pyyaml", "sphinx", "sphinx-copybutton", "sphinx-design", "sphinx_book_theme"]
testing = ["coverage", "pytest", "pytest-cov", "pytest-regressions"]

[[package]]
name = "mdurl"
version = "0.1.2"
description = "Markdown URL utilities"
optional = false
python-versions = ">=3.7"
files = [
    {file = "mdurl-0.1.2-py3-none-any.whl", hash = "sha256:84008a41e51615a49fc9966191ff91509e3c40b939176e643fd50a5c2196b8f8"},
    {file = "mdurl-0.1.2.tar.gz", hash = "sha256:bb413d29f5eea38f31dd4754dd7377d4465116fb207585f97bf925588687c1ba"},
]

[[package]]
name = "packaging"
version = "24.1"
description = "Core utilities for Python packages"
optional = false
python-versions = ">=3.8"
files = [
    {file = "packaging-24.1-py3-none-any.whl", hash = "sha256:5b8f2217dbdbd2f7f384c41c628544e6d52f2d0f53c6d0c3ea61aa5d1d7ff124"},
    {file = "packaging-24.1.tar.gz", hash = "sha256:026ed72c8ed3fcce5bf8950572258698927fd1dbda10a5e981cdf0ac37f4f002"},
]

[[package]]
name = "parsita"
version = "2.1.1"
description = "Parser combinator library for Python"
optional = false
python-versions = ">=3.8,<4.0"
files = [
    {file = "parsita-2.1.1-py3-none-any.whl", hash = "sha256:169f12853733d51d23d6ea0243502d9821b8bedb71b35879c18a6dc4cb7ebba4"},
    {file = "parsita-2.1.1.tar.gz", hash = "sha256:ebef0f26ee8c3ce6d7e217d98f0a802e6df7825004b2e7b373a43aa6808ad4f7"},
]

[package.dependencies]
returns = ">=0.20,<0.23"

[[package]]
name = "pluggy"
version = "1.5.0"
description = "plugin and hook calling mechanisms for python"
optional = false
python-versions = ">=3.8"
files = [
    {file = "pluggy-1.5.0-py3-none-any.whl", hash = "sha256:44e1ad92c8ca002de6377e165f3e0f1be63266ab4d554740532335b9d75ea669"},
    {file = "pluggy-1.5.0.tar.gz", hash = "sha256:2cffa88e94fdc978c4c574f15f9e59b7f4201d439195c3715ca9e2486f1d0cf1"},
]

[package.extras]
dev = ["pre-commit", "tox"]
testing = ["pytest", "pytest-benchmark"]

[[package]]
name = "pygments"
version = "2.18.0"
description = "Pygments is a syntax highlighting package written in Python."
optional = false
python-versions = ">=3.8"
files = [
    {file = "pygments-2.18.0-py3-none-any.whl", hash = "sha256:b8e6aca0523f3ab76fee51799c488e38782ac06eafcf95e7ba832985c8e7b13a"},
    {file = "pygments-2.18.0.tar.gz", hash = "sha256:786ff802f32e91311bff3889f6e9a86e81505fe99f2735bb6d60ae0c5004f199"},
]

[package.extras]
windows-terminal = ["colorama (>=0.4.6)"]

[[package]]
name = "pytest"
version = "8.2.2"
description = "pytest: simple powerful testing with Python"
optional = false
python-versions = ">=3.8"
files = [
    {file = "pytest-8.2.2-py3-none-any.whl", hash = "sha256:c434598117762e2bd304e526244f67bf66bbd7b5d6cf22138be51ff661980343"},
    {file = "pytest-8.2.2.tar.gz", hash = "sha256:de4bb8104e201939ccdc688b27a89a7be2079b22e2bd2b07f806b6ba71117977"},
]

[package.dependencies]
colorama = {version = "*", markers = "sys_platform == \"win32\""}
iniconfig = "*"
packaging = "*"
pluggy = ">=1.5,<2.0"

[package.extras]
dev = ["argcomplete", "attrs (>=19.2)", "hypothesis (>=3.56)", "mock", "pygments (>=2.7.2)", "requests", "setuptools", "xmlschema"]

[[package]]
name = "pytest-mock"
version = "3.14.0"
description = "Thin-wrapper around the mock package for easier use with pytest"
optional = false
python-versions = ">=3.8"
files = [
    {file = "pytest-mock-3.14.0.tar.gz", hash = "sha256:2719255a1efeceadbc056d6bf3df3d1c5015530fb40cf347c0f9afac88410bd0"},
    {file = "pytest_mock-3.14.0-py3-none-any.whl", hash = "sha256:0b72c38033392a5f4621342fe11e9219ac11ec9d375f8e2a0c164539e0d70f6f"},
]

[package.dependencies]
pytest = ">=6.2.5"

[package.extras]
dev = ["pre-commit", "pytest-asyncio", "tox"]

[[package]]
name = "pytest-picked"
version = "0.5.0"
description = "Run the tests related to the changed files"
optional = false
python-versions = ">=3.7"
files = [
    {file = "pytest-picked-0.5.0.tar.gz", hash = "sha256:b39cd43b1f5e6efd2fc896f318e23c2c77effde8dd6efa58653a2940d8a384d9"},
    {file = "pytest_picked-0.5.0-py3-none-any.whl", hash = "sha256:6d22771a857a2cd8691fc0802f3e1371fe4063fa1ecbd216d9584bbe089fcfd3"},
]

[package.dependencies]
pytest = ">=3.7.0"

[[package]]
name = "returns"
version = "0.22.0"
description = "Make your functions return something meaningful, typed, and safe!"
optional = false
python-versions = ">=3.8.1,<4.0"
files = [
    {file = "returns-0.22.0-py3-none-any.whl", hash = "sha256:d38d6324692eeb29ec4bd698e1b859ec0ac79fb2c17bf0d302f92c8c42ef35c1"},
    {file = "returns-0.22.0.tar.gz", hash = "sha256:c7bd85bd1e0041b44fe46c7e2f68fcc76a0546142c876229e395174bcd674f37"},
]

[package.dependencies]
typing-extensions = ">=4.0,<5.0"

[package.extras]
compatible-mypy = ["mypy (>=1.5,<1.6)"]

[[package]]
name = "rich"
version = "13.7.1"
description = "Render rich text, tables, progress bars, syntax highlighting, markdown and more to the terminal"
optional = false
python-versions = ">=3.7.0"
files = [
    {file = "rich-13.7.1-py3-none-any.whl", hash = "sha256:4edbae314f59eb482f54e9e30bf00d33350aaa94f4bfcd4e9e3110e64d0d7222"},
    {file = "rich-13.7.1.tar.gz", hash = "sha256:9be308cb1fe2f1f57d67ce99e95af38a1e2bc71ad9813b0e247cf7ffbcc3a432"},
]

[package.dependencies]
markdown-it-py = ">=2.2.0"
pygments = ">=2.13.0,<3.0.0"

[package.extras]
jupyter = ["ipywidgets (>=7.5.1,<9)"]

[[package]]
name = "ruff"
version = "0.5.4"
description = "An extremely fast Python linter and code formatter, written in Rust."
optional = false
python-versions = ">=3.7"
files = [
    {file = "ruff-0.5.4-py3-none-linux_armv6l.whl", hash = "sha256:82acef724fc639699b4d3177ed5cc14c2a5aacd92edd578a9e846d5b5ec18ddf"},
    {file = "ruff-0.5.4-py3-none-macosx_10_12_x86_64.whl", hash = "sha256:da62e87637c8838b325e65beee485f71eb36202ce8e3cdbc24b9fcb8b99a37be"},
    {file = "ruff-0.5.4-py3-none-macosx_11_0_arm64.whl", hash = "sha256:e98ad088edfe2f3b85a925ee96da652028f093d6b9b56b76fc242d8abb8e2059"},
    {file = "ruff-0.5.4-py3-none-manylinux_2_17_aarch64.manylinux2014_aarch64.whl", hash = "sha256:4c55efbecc3152d614cfe6c2247a3054cfe358cefbf794f8c79c8575456efe19"},
    {file = "ruff-0.5.4-py3-none-manylinux_2_17_armv7l.manylinux2014_armv7l.whl", hash = "sha256:f9b85eaa1f653abd0a70603b8b7008d9e00c9fa1bbd0bf40dad3f0c0bdd06793"},
    {file = "ruff-0.5.4-py3-none-manylinux_2_17_i686.manylinux2014_i686.whl", hash = "sha256:0cf497a47751be8c883059c4613ba2f50dd06ec672692de2811f039432875278"},
    {file = "ruff-0.5.4-py3-none-manylinux_2_17_ppc64.manylinux2014_ppc64.whl", hash = "sha256:09c14ed6a72af9ccc8d2e313d7acf7037f0faff43cde4b507e66f14e812e37f7"},
    {file = "ruff-0.5.4-py3-none-manylinux_2_17_ppc64le.manylinux2014_ppc64le.whl", hash = "sha256:628f6b8f97b8bad2490240aa84f3e68f390e13fabc9af5c0d3b96b485921cd60"},
    {file = "ruff-0.5.4-py3-none-manylinux_2_17_s390x.manylinux2014_s390x.whl", hash = "sha256:3520a00c0563d7a7a7c324ad7e2cde2355733dafa9592c671fb2e9e3cd8194c1"},
    {file = "ruff-0.5.4-py3-none-manylinux_2_17_x86_64.manylinux2014_x86_64.whl", hash = "sha256:93789f14ca2244fb91ed481456f6d0bb8af1f75a330e133b67d08f06ad85b516"},
    {file = "ruff-0.5.4-py3-none-musllinux_1_2_aarch64.whl", hash = "sha256:029454e2824eafa25b9df46882f7f7844d36fd8ce51c1b7f6d97e2615a57bbcc"},
    {file = "ruff-0.5.4-py3-none-musllinux_1_2_armv7l.whl", hash = "sha256:9492320eed573a13a0bc09a2957f17aa733fff9ce5bf00e66e6d4a88ec33813f"},
    {file = "ruff-0.5.4-py3-none-musllinux_1_2_i686.whl", hash = "sha256:a6e1f62a92c645e2919b65c02e79d1f61e78a58eddaebca6c23659e7c7cb4ac7"},
    {file = "ruff-0.5.4-py3-none-musllinux_1_2_x86_64.whl", hash = "sha256:768fa9208df2bec4b2ce61dbc7c2ddd6b1be9fb48f1f8d3b78b3332c7d71c1ff"},
    {file = "ruff-0.5.4-py3-none-win32.whl", hash = "sha256:e1e7393e9c56128e870b233c82ceb42164966f25b30f68acbb24ed69ce9c3a4e"},
    {file = "ruff-0.5.4-py3-none-win_amd64.whl", hash = "sha256:58b54459221fd3f661a7329f177f091eb35cf7a603f01d9eb3eb11cc348d38c4"},
    {file = "ruff-0.5.4-py3-none-win_arm64.whl", hash = "sha256:bd53da65f1085fb5b307c38fd3c0829e76acf7b2a912d8d79cadcdb4875c1eb7"},
    {file = "ruff-0.5.4.tar.gz", hash = "sha256:2795726d5f71c4f4e70653273d1c23a8182f07dd8e48c12de5d867bfb7557eed"},
]

[[package]]
name = "typing-extensions"
version = "4.12.2"
description = "Backported and Experimental Type Hints for Python 3.8+"
optional = false
python-versions = ">=3.8"
files = [
    {file = "typing_extensions-4.12.2-py3-none-any.whl", hash = "sha256:04e5ca0351e0f3f85c6853954072df659d0d13fac324d0072316b67d7794700d"},
    {file = "typing_extensions-4.12.2.tar.gz", hash = "sha256:1a7ead55c7e559dd4dee8856e3a88b41225abfe1ce8df57b7c13915fe121ffb8"},
]

[metadata]
lock-version = "2.0"
python-versions = "^3.12"
content-hash = "e01a2bf0382ea410a3bec8d464405880d54d7fec8187425c2fb73d279e7f9352"
